{
  "name": "prov_dz2",
  "version": "1.0.0",
  "lockfileVersion": 3,
  "requires": true,
  "packages": {
    "": {
      "name": "prov_dz2",
      "version": "1.0.0",
      "license": "ISC",
      "dependencies": {
        "alex_generate_password_of_12_characters": "^1.0.0"
      }
    },
    "node_modules/alex_generate_password_of_12_characters": {
      "version": "1.0.0",
      "resolved": "https://registry.npmjs.org/alex_generate_password_of_12_characters/-/alex_generate_password_of_12_characters-1.0.0.tgz",
      "integrity": "sha512-QzNrgvL7tkBdNrkHSlePty/rxy+OwFP2TeHFdqRPQXRm4hnP5ORfRoiKEfjd+Y4xMAXJmV7/H1TT86TZyFWvVQ==",
      "license": "ISC"
    }
  }
}
